
Microsoft Visual Studio Solution File, Format Version 12.00
# Visual Studio Version 17
VisualStudioVersion = 17.4.33122.133
MinimumVisualStudioVersion = 10.0.40219.1
Project("{FAE04EC0-301F-11D3-BF4B-00C04F79EFBC}") = "buildapp", "buildapp\buildapp.csproj", "{FD2C44D5-E807-46C2-AD40-DA707AB11884}"
EndProject
Global
	GlobalSection(SolutionConfigurationPlatforms) = preSolution
		Debug|Any CPU = Debug|Any CPU
		Release|Any CPU = Release|Any CPU
	EndGlobalSection
	GlobalSection(ProjectConfigurationPlatforms) = postSolution
		{FD2C44D5-E807-46C2-AD40-DA707AB11884}.Debug|Any CPU.ActiveCfg = Debug|Any CPU
		{FD2C44D5-E807-46C2-AD40-DA707AB11884}.Debug|Any CPU.Build.0 = Debug|Any CPU
		{FD2C44D5-E807-46C2-AD40-DA707AB11884}.Release|Any CPU.ActiveCfg = Release|Any CPU
		{FD2C44D5-E807-46C2-AD40-DA707AB11884}.Release|Any CPU.Build.0 = Release|Any CPU
	EndGlobalSection
	GlobalSection(SolutionProperties) = preSolution
		HideSolutionNode = FALSE
	EndGlobalSection
	GlobalSection(ExtensibilityGlobals) = postSolution
		SolutionGuid = {F57073BF-9DA5-489F-81BD-481BDB62EA6A}
	EndGlobalSection
EndGlobal
